// !$*UTF8*$!
{
	archiveVersion = 1;
	classes = {
	};
	objectVersion = 56;
	objects = {

/* Begin PBXBuildFile section */
		CAF2B1C72C0444D60000CAC5 /* whoApp.swift in Sources */ = {isa = PBXBuildFile; fileRef = CAF2B1C62C0444D60000CAC5 /* whoApp.swift */; };
		CAF2B1C92C0444D60000CAC5 /* ContentView.swift in Sources */ = {isa = PBXBuildFile; fileRef = CAF2B1C82C0444D60000CAC5 /* ContentView.swift */; };
		CAF2B1CB2C0444D70000CAC5 /* Assets.xcassets in Resources */ = {isa = PBXBuildFile; fileRef = CAF2B1CA2C0444D70000CAC5 /* Assets.xcassets */; };
		CAF2B1CE2C0444D70000CAC5 /* Preview Assets.xcassets in Resources */ = {isa = PBXBuildFile; fileRef = CAF2B1CD2C0444D70000CAC5 /* Preview Assets.xcassets */; };
		CAF2B1D52C044A8B0000CAC5 /* Person.swift in Sources */ = {isa = PBXBuildFile; fileRef = CAF2B1D42C044A8B0000CAC5 /* Person.swift */; };
		CAF2B1D72C044E440000CAC5 /* EditPersonView.swift in Sources */ = {isa = PBXBuildFile; fileRef = CAF2B1D62C044E440000CAC5 /* EditPersonView.swift */; };
		CAF2B1D92C0459EF0000CAC5 /* Event.swift in Sources */ = {isa = PBXBuildFile; fileRef = CAF2B1D82C0459EF0000CAC5 /* Event.swift */; };
		CAF2B1DB2C045A1A0000CAC5 /* Previewer.swift in Sources */ = {isa = PBXBuildFile; fileRef = CAF2B1DA2C045A1A0000CAC5 /* Previewer.swift */; };
		CAF2B1DD2C045AA20000CAC5 /* EditEventView.swift in Sources */ = {isa = PBXBuildFile; fileRef = CAF2B1DC2C045AA20000CAC5 /* EditEventView.swift */; };
		CAF2B1DF2C045B0A0000CAC5 /* PeopleView.swift in Sources */ = {isa = PBXBuildFile; fileRef = CAF2B1DE2C045B0A0000CAC5 /* PeopleView.swift */; };
/* End PBXBuildFile section */

/* Begin PBXFileReference section */
		CAF2B1C32C0444D60000CAC5 /* who.app */ = {isa = PBXFileReference; explicitFileType = wrapper.application; includeInIndex = 0; path = who.app; sourceTree = BUILT_PRODUCTS_DIR; };
		CAF2B1C62C0444D60000CAC5 /* whoApp.swift */ = {isa = PBXFileReference; lastKnownFileType = sourcecode.swift; path = whoApp.swift; sourceTree = "<group>"; };
		CAF2B1C82C0444D60000CAC5 /* ContentView.swift */ = {isa = PBXFileReference; lastKnownFileType = sourcecode.swift; path = ContentView.swift; sourceTree = "<group>"; };
		CAF2B1CA2C0444D70000CAC5 /* Assets.xcassets */ = {isa = PBXFileReference; lastKnownFileType = folder.assetcatalog; path = Assets.xcassets; sourceTree = "<group>"; };
		CAF2B1CD2C0444D70000CAC5 /* Preview Assets.xcassets */ = {isa = PBXFileReference; lastKnownFileType = folder.assetcatalog; path = "Preview Assets.xcassets"; sourceTree = "<group>"; };
		CAF2B1D42C044A8B0000CAC5 /* Person.swift */ = {isa = PBXFileReference; lastKnownFileType = sourcecode.swift; path = Person.swift; sourceTree = "<group>"; };
		CAF2B1D62C044E440000CAC5 /* EditPersonView.swift */ = {isa = PBXFileReference; lastKnownFileType = sourcecode.swift; path = EditPersonView.swift; sourceTree = "<group>"; };
		CAF2B1D82C0459EF0000CAC5 /* Event.swift */ = {isa = PBXFileReference; lastKnownFileType = sourcecode.swift; path = Event.swift; sourceTree = "<group>"; };
		CAF2B1DA2C045A1A0000CAC5 /* Previewer.swift */ = {isa = PBXFileReference; lastKnownFileType = sourcecode.swift; path = Previewer.swift; sourceTree = "<group>"; };
		CAF2B1DC2C045AA20000CAC5 /* EditEventView.swift */ = {isa = PBXFileReference; lastKnownFileType = sourcecode.swift; path = EditEventView.swift; sourceTree = "<group>"; };
		CAF2B1DE2C045B0A0000CAC5 /* PeopleView.swift */ = {isa = PBXFileReference; lastKnownFileType = sourcecode.swift; path = PeopleView.swift; sourceTree = "<group>"; };
/* End PBXFileReference section */

/* Begin PBXFrameworksBuildPhase section */
		CAF2B1C02C0444D60000CAC5 /* Frameworks */ = {
			isa = PBXFrameworksBuildPhase;
			buildActionMask = 2147483647;
			files = (
			);
			runOnlyForDeploymentPostprocessing = 0;
		};
/* End PBXFrameworksBuildPhase section */

/* Begin PBXGroup section */
		CAF2B1BA2C0444D60000CAC5 = {
			isa = PBXGroup;
			children = (
				CAF2B1C52C0444D60000CAC5 /* who */,
				CAF2B1C42C0444D60000CAC5 /* Products */,
			);
			sourceTree = "<group>";
		};
		CAF2B1C42C0444D60000CAC5 /* Products */ = {
			isa = PBXGroup;
			children = (
				CAF2B1C32C0444D60000CAC5 /* who.app */,
			);
			name = Products;
			sourceTree = "<group>";
		};
		CAF2B1C52C0444D60000CAC5 /* who */ = {
			isa = PBXGroup;
			children = (
				CAF2B1C62C0444D60000CAC5 /* whoApp.swift */,
				CAF2B1C82C0444D60000CAC5 /* ContentView.swift */,
				CAF2B1DE2C045B0A0000CAC5 /* PeopleView.swift */,
				CAF2B1D62C044E440000CAC5 /* EditPersonView.swift */,
				CAF2B1DC2C045AA20000CAC5 /* EditEventView.swift */,
				CAF2B1D82C0459EF0000CAC5 /* Event.swift */,
				CAF2B1DA2C045A1A0000CAC5 /* Previewer.swift */,
				CAF2B1D42C044A8B0000CAC5 /* Person.swift */,
				CAF2B1CA2C0444D70000CAC5 /* Assets.xcassets */,
				CAF2B1CC2C0444D70000CAC5 /* Preview Content */,
			);
			path = who;
			sourceTree = "<group>";
		};
		CAF2B1CC2C0444D70000CAC5 /* Preview Content */ = {
			isa = PBXGroup;
			children = (
				CAF2B1CD2C0444D70000CAC5 /* Preview Assets.xcassets */,
			);
			path = "Preview Content";
			sourceTree = "<group>";
		};
/* End PBXGroup section */

/* Begin PBXNativeTarget section */
		CAF2B1C22C0444D60000CAC5 /* who */ = {
			isa = PBXNativeTarget;
			buildConfigurationList = CAF2B1D12C0444D70000CAC5 /* Build configuration list for PBXNativeTarget "who" */;
			buildPhases = (
				CAF2B1BF2C0444D60000CAC5 /* Sources */,
				CAF2B1C02C0444D60000CAC5 /* Frameworks */,
				CAF2B1C12C0444D60000CAC5 /* Resources */,
			);
			buildRules = (
			);
			dependencies = (
			);
			name = who;
			productName = who;
			productReference = CAF2B1C32C0444D60000CAC5 /* who.app */;
			productType = "com.apple.product-type.application";
		};
/* End PBXNativeTarget section */

/* Begin PBXProject section */
		CAF2B1BB2C0444D60000CAC5 /* Project object */ = {
			isa = PBXProject;
			attributes = {
				BuildIndependentTargetsInParallel = 1;
				LastSwiftUpdateCheck = 1540;
				LastUpgradeCheck = 1540;
				TargetAttributes = {
					CAF2B1C22C0444D60000CAC5 = {
						CreatedOnToolsVersion = 15.4;
					};
				};
			};
			buildConfigurationList = CAF2B1BE2C0444D60000CAC5 /* Build configuration list for PBXProject "who" */;
			compatibilityVersion = "Xcode 14.0";
			developmentRegion = en;
			hasScannedForEncodings = 0;
			knownRegions = (
				en,
				Base,
			);
			mainGroup = CAF2B1BA2C0444D60000CAC5;
			productRefGroup = CAF2B1C42C0444D60000CAC5 /* Products */;
			projectDirPath = "";
			projectRoot = "";
			targets = (
				CAF2B1C22C0444D60000CAC5 /* who */,
			);
		};
/* End PBXProject section */

/* Begin PBXResourcesBuildPhase section */
		CAF2B1C12C0444D60000CAC5 /* Resources */ = {
			isa = PBXResourcesBuildPhase;
			buildActionMask = 2147483647;
			files = (
				CAF2B1CE2C0444D70000CAC5 /* Preview Assets.xcassets in Resources */,
				CAF2B1CB2C0444D70000CAC5 /* Assets.xcassets in Resources */,
			);
			runOnlyForDeploymentPostprocessing = 0;
		};
/* End PBXResourcesBuildPhase section */

/* Begin PBXSourcesBuildPhase section */
		CAF2B1BF2C0444D60000CAC5 /* Sources */ = {
			isa = PBXSourcesBuildPhase;
			buildActionMask = 2147483647;
			files = (
				CAF2B1D52C044A8B0000CAC5 /* Person.swift in Sources */,
				CAF2B1C92C0444D60000CAC5 /* ContentView.swift in Sources */,
				CAF2B1C72C0444D60000CAC5 /* whoApp.swift in Sources */,
				CAF2B1DF2C045B0A0000CAC5 /* PeopleView.swift in Sources */,
				CAF2B1DB2C045A1A0000CAC5 /* Previewer.swift in Sources */,
				CAF2B1D72C044E440000CAC5 /* EditPersonView.swift in Sources */,
				CAF2B1D92C0459EF0000CAC5 /* Event.swift in Sources */,
				CAF2B1DD2C045AA20000CAC5 /* EditEventView.swift in Sources */,
			);
			runOnlyForDeploymentPostprocessing = 0;
		};
/* End PBXSourcesBuildPhase section */

/* Begin XCBuildConfiguration section */
		CAF2B1CF2C0444D70000CAC5 /* Debug */ = {
			isa = XCBuildConfiguration;
			buildSettings = {
				ALWAYS_SEARCH_USER_PATHS = NO;
				ASSETCATALOG_COMPILER_GENERATE_SWIFT_ASSET_SYMBOL_EXTENSIONS = YES;
				CLANG_ANALYZER_NONNULL = YES;
				CLANG_ANALYZER_NUMBER_OBJECT_CONVERSION = YES_AGGRESSIVE;
				CLANG_CXX_LANGUAGE_STANDARD = "gnu++20";
				CLANG_ENABLE_MODULES = YES;
				CLANG_ENABLE_OBJC_ARC = YES;
				CLANG_ENABLE_OBJC_WEAK = YES;
				CLANG_WARN_BLOCK_CAPTURE_AUTORELEASING = YES;
				CLANG_WARN_BOOL_CONVERSION = YES;
				CLANG_WARN_COMMA = YES;
				CLANG_WARN_CONSTANT_CONVERSION = YES;
				CLANG_WARN_DEPRECATED_OBJC_IMPLEMENTATIONS = YES;
				CLANG_WARN_DIRECT_OBJC_ISA_USAGE = YES_ERROR;
				CLANG_WARN_DOCUMENTATION_COMMENTS = YES;
				CLANG_WARN_EMPTY_BODY = YES;
				CLANG_WARN_ENUM_CONVERSION = YES;
				CLANG_WARN_INFINITE_RECURSION = YES;
				CLANG_WARN_INT_CONVERSION = YES;
				CLANG_WARN_NON_LITERAL_NULL_CONVERSION = YES;
				CLANG_WARN_OBJC_IMPLICIT_RETAIN_SELF = YES;
				CLANG_WARN_OBJC_LITERAL_CONVERSION = YES;
				CLANG_WARN_OBJC_ROOT_CLASS = YES_ERROR;
				CLANG_WARN_QUOTED_INCLUDE_IN_FRAMEWORK_HEADER = YES;
				CLANG_WARN_RANGE_LOOP_ANALYSIS = YES;
				CLANG_WARN_STRICT_PROTOTYPES = YES;
				CLANG_WARN_SUSPICIOUS_MOVE = YES;
				CLANG_WARN_UNGUARDED_AVAILABILITY = YES_AGGRESSIVE;
				CLANG_WARN_UNREACHABLE_CODE = YES;
				CLANG_WARN__DUPLICATE_METHOD_MATCH = YES;
				COPY_PHASE_STRIP = NO;
				DEBUG_INFORMATION_FORMAT = dwarf;
				ENABLE_STRICT_OBJC_MSGSEND = YES;
				ENABLE_TESTABILITY = YES;
				ENABLE_USER_SCRIPT_SANDBOXING = YES;
				GCC_C_LANGUAGE_STANDARD = gnu17;
				GCC_DYNAMIC_NO_PIC = NO;
				GCC_NO_COMMON_BLOCKS = YES;
				GCC_OPTIMIZATION_LEVEL = 0;
				GCC_PREPROCESSOR_DEFINITIONS = (
					"DEBUG=1",
					"$(inherited)",
				);
				GCC_WARN_64_TO_32_BIT_CONVERSION = YES;
				GCC_WARN_ABOUT_RETURN_TYPE = YES_ERROR;
				GCC_WARN_UNDECLARED_SELECTOR = YES;
				GCC_WARN_UNINITIALIZED_AUTOS = YES_AGGRESSIVE;
				GCC_WARN_UNUSED_FUNCTION = YES;
				GCC_WARN_UNUSED_VARIABLE = YES;
				IPHONEOS_DEPLOYMENT_TARGET = 17.5;
				LOCALIZATION_PREFERS_STRING_CATALOGS = YES;
				MTL_ENABLE_DEBUG_INFO = INCLUDE_SOURCE;
				MTL_FAST_MATH = YES;
				ONLY_ACTIVE_ARCH = YES;
				SDKROOT = iphoneos;
				SWIFT_ACTIVE_COMPILATION_CONDITIONS = "DEBUG $(inherited)";
				SWIFT_OPTIMIZATION_LEVEL = "-Onone";
			};
			name = Debug;
		};
		CAF2B1D02C0444D70000CAC5 /* Release */ = {
			isa = XCBuildConfiguration;
			buildSettings = {
				ALWAYS_SEARCH_USER_PATHS = NO;
				ASSETCATALOG_COMPILER_GENERATE_SWIFT_ASSET_SYMBOL_EXTENSIONS = YES;
				CLANG_ANALYZER_NONNULL = YES;
				CLANG_ANALYZER_NUMBER_OBJECT_CONVERSION = YES_AGGRESSIVE;
				CLANG_CXX_LANGUAGE_STANDARD = "gnu++20";
				CLANG_ENABLE_MODULES = YES;
				CLANG_ENABLE_OBJC_ARC = YES;
				CLANG_ENABLE_OBJC_WEAK = YES;
				CLANG_WARN_BLOCK_CAPTURE_AUTORELEASING = YES;
				CLANG_WARN_BOOL_CONVERSION = YES;
				CLANG_WARN_COMMA = YES;
				CLANG_WARN_CONSTANT_CONVERSION = YES;
				CLANG_WARN_DEPRECATED_OBJC_IMPLEMENTATIONS = YES;
				CLANG_WARN_DIRECT_OBJC_ISA_USAGE = YES_ERROR;
				CLANG_WARN_DOCUMENTATION_COMMENTS = YES;
				CLANG_WARN_EMPTY_BODY = YES;
				CLANG_WARN_ENUM_CONVERSION = YES;
				CLANG_WARN_INFINITE_RECURSION = YES;
				CLANG_WARN_INT_CONVERSION = YES;
				CLANG_WARN_NON_LITERAL_NULL_CONVERSION = YES;
				CLANG_WARN_OBJC_IMPLICIT_RETAIN_SELF = YES;
				CLANG_WARN_OBJC_LITERAL_CONVERSION = YES;
				CLANG_WARN_OBJC_ROOT_CLASS = YES_ERROR;
				CLANG_WARN_QUOTED_INCLUDE_IN_FRAMEWORK_HEADER = YES;
				CLANG_WARN_RANGE_LOOP_ANALYSIS = YES;
				CLANG_WARN_STRICT_PROTOTYPES = YES;
				CLANG_WARN_SUSPICIOUS_MOVE = YES;
				CLANG_WARN_UNGUARDED_AVAILABILITY = YES_AGGRESSIVE;
				CLANG_WARN_UNREACHABLE_CODE = YES;
				CLANG_WARN__DUPLICATE_METHOD_MATCH = YES;
				COPY_PHASE_STRIP = NO;
				DEBUG_INFORMATION_FORMAT = "dwarf-with-dsym";
				ENABLE_NS_ASSERTIONS = NO;
				ENABLE_STRICT_OBJC_MSGSEND = YES;
				ENABLE_USER_SCRIPT_SANDBOXING = YES;
				GCC_C_LANGUAGE_STANDARD = gnu17;
				GCC_NO_COMMON_BLOCKS = YES;
				GCC_WARN_64_TO_32_BIT_CONVERSION = YES;
				GCC_WARN_ABOUT_RETURN_TYPE = YES_ERROR;
				GCC_WARN_UNDECLARED_SELECTOR = YES;
				GCC_WARN_UNINITIALIZED_AUTOS = YES_AGGRESSIVE;
				GCC_WARN_UNUSED_FUNCTION = YES;
				GCC_WARN_UNUSED_VARIABLE = YES;
				IPHONEOS_DEPLOYMENT_TARGET = 17.5;
				LOCALIZATION_PREFERS_STRING_CATALOGS = YES;
				MTL_ENABLE_DEBUG_INFO = NO;
				MTL_FAST_MATH = YES;
				SDKROOT = iphoneos;
				SWIFT_COMPILATION_MODE = wholemodule;
				VALIDATE_PRODUCT = YES;
			};
			name = Release;
		};
		CAF2B1D22C0444D70000CAC5 /* Debug */ = {
			isa = XCBuildConfiguration;
			buildSettings = {
				ASSETCATALOG_COMPILER_APPICON_NAME = AppIcon;
				ASSETCATALOG_COMPILER_GLOBAL_ACCENT_COLOR_NAME = AccentColor;
				CODE_SIGN_STYLE = Automatic;
				CURRENT_PROJECT_VERSION = 1;
				DEVELOPMENT_ASSET_PATHS = "\"who/Preview Content\"";
				ENABLE_PREVIEWS = YES;
				GENERATE_INFOPLIST_FILE = YES;
				INFOPLIST_KEY_CFBundleDisplayName = Who;
				INFOPLIST_KEY_LSApplicationCategoryType = "public.app-category.social-networking";
				INFOPLIST_KEY_UIApplicationSceneManifest_Generation = YES;
				INFOPLIST_KEY_UIApplicationSupportsIndirectInputEvents = YES;
				INFOPLIST_KEY_UILaunchScreen_Generation = YES;
				INFOPLIST_KEY_UISupportedInterfaceOrientations_iPad = "UIInterfaceOrientationPortrait UIInterfaceOrientationPortraitUpsideDown UIInterfaceOrientationLandscapeLeft UIInterfaceOrientationLandscapeRight";
				INFOPLIST_KEY_UISupportedInterfaceOrientations_iPhone = "UIInterfaceOrientationPortrait UIInterfaceOrientationLandscapeLeft UIInterfaceOrientationLandscapeRight";
				LD_RUNPATH_SEARCH_PATHS = (
					"$(inherited)",
					"@executable_path/Frameworks",
				);
				MARKETING_VERSION = 1.0;
				PRODUCT_BUNDLE_IDENTIFIER = com.shwetankshivam.who;
				PRODUCT_NAME = "$(TARGET_NAME)";
				SWIFT_EMIT_LOC_STRINGS = YES;
				SWIFT_VERSION = 5.0;
				TARGETED_DEVICE_FAMILY = "1,2";
			};
			name = Debug;
		};
		CAF2B1D32C0444D70000CAC5 /* Release */ = {
			isa = XCBuildConfiguration;
			buildSettings = {
				ASSETCATALOG_COMPILER_APPICON_NAME = AppIcon;
				ASSETCATALOG_COMPILER_GLOBAL_ACCENT_COLOR_NAME = AccentColor;
				CODE_SIGN_STYLE = Automatic;
				CURRENT_PROJECT_VERSION = 1;
				DEVELOPMENT_ASSET_PATHS = "\"who/Preview Content\"";
				ENABLE_PREVIEWS = YES;
				GENERATE_INFOPLIST_FILE = YES;
				INFOPLIST_KEY_CFBundleDisplayName = Who;
				INFOPLIST_KEY_LSApplicationCategoryType = "public.app-category.social-networking";
				INFOPLIST_KEY_UIApplicationSceneManifest_Generation = YES;
				INFOPLIST_KEY_UIApplicationSupportsIndirectInputEvents = YES;
				INFOPLIST_KEY_UILaunchScreen_Generation = YES;
				INFOPLIST_KEY_UISupportedInterfaceOrientations_iPad = "UIInterfaceOrientationPortrait UIInterfaceOrientationPortraitUpsideDown UIInterfaceOrientationLandscapeLeft UIInterfaceOrientationLandscapeRight";
				INFOPLIST_KEY_UISupportedInterfaceOrientations_iPhone = "UIInterfaceOrientationPortrait UIInterfaceOrientationLandscapeLeft UIInterfaceOrientationLandscapeRight";
				LD_RUNPATH_SEARCH_PATHS = (
					"$(inherited)",
					"@executable_path/Frameworks",
				);
				MARKETING_VERSION = 1.0;
				PRODUCT_BUNDLE_IDENTIFIER = com.shwetankshivam.who;
				PRODUCT_NAME = "$(TARGET_NAME)";
				SWIFT_EMIT_LOC_STRINGS = YES;
				SWIFT_VERSION = 5.0;
				TARGETED_DEVICE_FAMILY = "1,2";
			};
			name = Release;
		};
/* End XCBuildConfiguration section */

/* Begin XCConfigurationList section */
		CAF2B1BE2C0444D60000CAC5 /* Build configuration list for PBXProject "who" */ = {
			isa = XCConfigurationList;
			buildConfigurations = (
				CAF2B1CF2C0444D70000CAC5 /* Debug */,
				CAF2B1D02C0444D70000CAC5 /* Release */,
			);
			defaultConfigurationIsVisible = 0;
			defaultConfigurationName = Release;
		};
		CAF2B1D12C0444D70000CAC5 /* Build configuration list for PBXNativeTarget "who" */ = {
			isa = XCConfigurationList;
			buildConfigurations = (
				CAF2B1D22C0444D70000CAC5 /* Debug */,
				CAF2B1D32C0444D70000CAC5 /* Release */,
			);
			defaultConfigurationIsVisible = 0;
			defaultConfigurationName = Release;
		};
/* End XCConfigurationList section */
	};
	rootObject = CAF2B1BB2C0444D60000CAC5 /* Project object */;
}
